// !$*UTF8*$!
{
	archiveVersion = 1;
	classes = {
	};
	objectVersion = 77;
	objects = {

/* Begin PBXContainerItemProxy section */
		DBB392852D3976F000250DBD /* PBXContainerItemProxy */ = {
			isa = PBXContainerItemProxy;
			containerPortal = DBB3926A2D3976EF00250DBD /* Project object */;
			proxyType = 1;
			remoteGlobalIDString = DBB392712D3976EF00250DBD;
			remoteInfo = PlanetAppList;
		};
		DBB3928F2D3976F000250DBD /* PBXContainerItemProxy */ = {
			isa = PBXContainerItemProxy;
			containerPortal = DBB3926A2D3976EF00250DBD /* Project object */;
			proxyType = 1;
			remoteGlobalIDString = DBB392712D3976EF00250DBD;
			remoteInfo = PlanetAppList;
		};
/* End PBXContainerItemProxy section */

/* Begin PBXFileReference section */
		DBB392722D3976EF00250DBD /* PlanetAppList.app */ = {isa = PBXFileReference; explicitFileType = wrapper.application; includeInIndex = 0; path = PlanetAppList.app; sourceTree = BUILT_PRODUCTS_DIR; };
		DBB392842D3976F000250DBD /* PlanetAppListTests.xctest */ = {isa = PBXFileReference; explicitFileType = wrapper.cfbundle; includeInIndex = 0; path = PlanetAppListTests.xctest; sourceTree = BUILT_PRODUCTS_DIR; };
		DBB3928E2D3976F000250DBD /* PlanetAppListUITests.xctest */ = {isa = PBXFileReference; explicitFileType = wrapper.cfbundle; includeInIndex = 0; path = PlanetAppListUITests.xctest; sourceTree = BUILT_PRODUCTS_DIR; };
/* End PBXFileReference section */

/* Begin PBXFileSystemSynchronizedBuildFileExceptionSet section */
		DBB392F72D39B7D900250DBD /* Exceptions for "PlanetAppList" folder in "PlanetAppList" target */ = {
			isa = PBXFileSystemSynchronizedBuildFileExceptionSet;
			membershipExceptions = (
				Info.plist,
			);
			target = DBB392712D3976EF00250DBD /* PlanetAppList */;
		};
/* End PBXFileSystemSynchronizedBuildFileExceptionSet section */

/* Begin PBXFileSystemSynchronizedRootGroup section */
		DBB392742D3976EF00250DBD /* PlanetAppList */ = {
			isa = PBXFileSystemSynchronizedRootGroup;
			exceptions = (
				DBB392F72D39B7D900250DBD /* Exceptions for "PlanetAppList" folder in "PlanetAppList" target */,
			);
			path = PlanetAppList;
			sourceTree = "<group>";
		};
		DBB392872D3976F000250DBD /* PlanetAppListTests */ = {
			isa = PBXFileSystemSynchronizedRootGroup;
			path = PlanetAppListTests;
			sourceTree = "<group>";
		};
		DBB392912D3976F000250DBD /* PlanetAppListUITests */ = {
			isa = PBXFileSystemSynchronizedRootGroup;
			path = PlanetAppListUITests;
			sourceTree = "<group>";
		};
/* End PBXFileSystemSynchronizedRootGroup section */

/* Begin PBXFrameworksBuildPhase section */
		DBB3926F2D3976EF00250DBD /* Frameworks */ = {
			isa = PBXFrameworksBuildPhase;
			buildActionMask = 2147483647;
			files = (
			);
			runOnlyForDeploymentPostprocessing = 0;
		};
		DBB392812D3976F000250DBD /* Frameworks */ = {
			isa = PBXFrameworksBuildPhase;
			buildActionMask = 2147483647;
			files = (
			);
			runOnlyForDeploymentPostprocessing = 0;
		};
		DBB3928B2D3976F000250DBD /* Frameworks */ = {
			isa = PBXFrameworksBuildPhase;
			buildActionMask = 2147483647;
			files = (
			);
			runOnlyForDeploymentPostprocessing = 0;
		};
/* End PBXFrameworksBuildPhase section */

/* Begin PBXGroup section */
		DBB392692D3976EF00250DBD = {
			isa = PBXGroup;
			children = (
				DBB392742D3976EF00250DBD /* PlanetAppList */,
				DBB392872D3976F000250DBD /* PlanetAppListTests */,
				DBB392912D3976F000250DBD /* PlanetAppListUITests */,
				DBB392732D3976EF00250DBD /* Products */,
			);
			sourceTree = "<group>";
		};
		DBB392732D3976EF00250DBD /* Products */ = {
			isa = PBXGroup;
			children = (
				DBB392722D3976EF00250DBD /* PlanetAppList.app */,
				DBB392842D3976F000250DBD /* PlanetAppListTests.xctest */,
				DBB3928E2D3976F000250DBD /* PlanetAppListUITests.xctest */,
			);
			name = Products;
			sourceTree = "<group>";
		};
/* End PBXGroup section */

/* Begin PBXNativeTarget section */
		DBB392712D3976EF00250DBD /* PlanetAppList */ = {
			isa = PBXNativeTarget;
			buildConfigurationList = DBB392982D3976F000250DBD /* Build configuration list for PBXNativeTarget "PlanetAppList" */;
			buildPhases = (
				DBB3926E2D3976EF00250DBD /* Sources */,
				DBB3926F2D3976EF00250DBD /* Frameworks */,
				DBB392702D3976EF00250DBD /* Resources */,
			);
			buildRules = (
			);
			dependencies = (
			);
			fileSystemSynchronizedGroups = (
				DBB392742D3976EF00250DBD /* PlanetAppList */,
			);
			name = PlanetAppList;
			packageProductDependencies = (
			);
			productName = PlanetAppList;
			productReference = DBB392722D3976EF00250DBD /* PlanetAppList.app */;
			productType = "com.apple.product-type.application";
		};
		DBB392832D3976F000250DBD /* PlanetAppListTests */ = {
			isa = PBXNativeTarget;
			buildConfigurationList = DBB3929B2D3976F000250DBD /* Build configuration list for PBXNativeTarget "PlanetAppListTests" */;
			buildPhases = (
				DBB392802D3976F000250DBD /* Sources */,
				DBB392812D3976F000250DBD /* Frameworks */,
				DBB392822D3976F000250DBD /* Resources */,
			);
			buildRules = (
			);
			dependencies = (
				DBB392862D3976F000250DBD /* PBXTargetDependency */,
			);
			fileSystemSynchronizedGroups = (
				DBB392872D3976F000250DBD /* PlanetAppListTests */,
			);
			name = PlanetAppListTests;
			packageProductDependencies = (
			);
			productName = PlanetAppListTests;
			productReference = DBB392842D3976F000250DBD /* PlanetAppListTests.xctest */;
			productType = "com.apple.product-type.bundle.unit-test";
		};
		DBB3928D2D3976F000250DBD /* PlanetAppListUITests */ = {
			isa = PBXNativeTarget;
			buildConfigurationList = DBB3929E2D3976F000250DBD /* Build configuration list for PBXNativeTarget "PlanetAppListUITests" */;
			buildPhases = (
				DBB3928A2D3976F000250DBD /* Sources */,
				DBB3928B2D3976F000250DBD /* Frameworks */,
				DBB3928C2D3976F000250DBD /* Resources */,
			);
			buildRules = (
			);
			dependencies = (
				DBB392902D3976F000250DBD /* PBXTargetDependency */,
			);
			fileSystemSynchronizedGroups = (
				DBB392912D3976F000250DBD /* PlanetAppListUITests */,
			);
			name = PlanetAppListUITests;
			packageProductDependencies = (
			);
			productName = PlanetAppListUITests;
			productReference = DBB3928E2D3976F000250DBD /* PlanetAppListUITests.xctest */;
			productType = "com.apple.product-type.bundle.ui-testing";
		};
/* End PBXNativeTarget section */

/* Begin PBXProject section */
		DBB3926A2D3976EF00250DBD /* Project object */ = {
			isa = PBXProject;
			attributes = {
				BuildIndependentTargetsInParallel = 1;
				LastSwiftUpdateCheck = 1620;
				LastUpgradeCheck = 1620;
				TargetAttributes = {
					DBB392712D3976EF00250DBD = {
						CreatedOnToolsVersion = 16.2;
					};
					DBB392832D3976F000250DBD = {
						CreatedOnToolsVersion = 16.2;
						TestTargetID = DBB392712D3976EF00250DBD;
					};
					DBB3928D2D3976F000250DBD = {
						CreatedOnToolsVersion = 16.2;
						TestTargetID = DBB392712D3976EF00250DBD;
					};
				};
			};
			buildConfigurationList = DBB3926D2D3976EF00250DBD /* Build configuration list for PBXProject "PlanetAppList" */;
			developmentRegion = en;
			hasScannedForEncodings = 0;
			knownRegions = (
				en,
				Base,
			);
			mainGroup = DBB392692D3976EF00250DBD;
			minimizedProjectReferenceProxies = 1;
			preferredProjectObjectVersion = 77;
			productRefGroup = DBB392732D3976EF00250DBD /* Products */;
			projectDirPath = "";
			projectRoot = "";
			targets = (
				DBB392712D3976EF00250DBD /* PlanetAppList */,
				DBB392832D3976F000250DBD /* PlanetAppListTests */,
				DBB3928D2D3976F000250DBD /* PlanetAppListUITests */,
			);
		};
/* End PBXProject section */

/* Begin PBXResourcesBuildPhase section */
		DBB392702D3976EF00250DBD /* Resources */ = {
			isa = PBXResourcesBuildPhase;
			buildActionMask = 2147483647;
			files = (
			);
			runOnlyForDeploymentPostprocessing = 0;
		};
		DBB392822D3976F000250DBD /* Resources */ = {
			isa = PBXResourcesBuildPhase;
			buildActionMask = 2147483647;
			files = (
			);
			runOnlyForDeploymentPostprocessing = 0;
		};
		DBB3928C2D3976F000250DBD /* Resources */ = {
			isa = PBXResourcesBuildPhase;
			buildActionMask = 2147483647;
			files = (
			);
			runOnlyForDeploymentPostprocessing = 0;
		};
/* End PBXResourcesBuildPhase section */

/* Begin PBXSourcesBuildPhase section */
		DBB3926E2D3976EF00250DBD /* Sources */ = {
			isa = PBXSourcesBuildPhase;
			buildActionMask = 2147483647;
			files = (
			);
			runOnlyForDeploymentPostprocessing = 0;
		};
		DBB392802D3976F000250DBD /* Sources */ = {
			isa = PBXSourcesBuildPhase;
			buildActionMask = 2147483647;
			files = (
			);
			runOnlyForDeploymentPostprocessing = 0;
		};
		DBB3928A2D3976F000250DBD /* Sources */ = {
			isa = PBXSourcesBuildPhase;
			buildActionMask = 2147483647;
			files = (
			);
			runOnlyForDeploymentPostprocessing = 0;
		};
/* End PBXSourcesBuildPhase section */

/* Begin PBXTargetDependency section */
		DBB392862D3976F000250DBD /* PBXTargetDependency */ = {
			isa = PBXTargetDependency;
			target = DBB392712D3976EF00250DBD /* PlanetAppList */;
			targetProxy = DBB392852D3976F000250DBD /* PBXContainerItemProxy */;
		};
		DBB392902D3976F000250DBD /* PBXTargetDependency */ = {
			isa = PBXTargetDependency;
			target = DBB392712D3976EF00250DBD /* PlanetAppList */;
			targetProxy = DBB3928F2D3976F000250DBD /* PBXContainerItemProxy */;
		};
/* End PBXTargetDependency section */

/* Begin XCBuildConfiguration section */
		DBB392962D3976F000250DBD /* Debug */ = {
			isa = XCBuildConfiguration;
			buildSettings = {
				ALWAYS_SEARCH_USER_PATHS = NO;
				ASSETCATALOG_COMPILER_GENERATE_SWIFT_ASSET_SYMBOL_EXTENSIONS = YES;
				CLANG_ANALYZER_NONNULL = YES;
				CLANG_ANALYZER_NUMBER_OBJECT_CONVERSION = YES_AGGRESSIVE;
				CLANG_CXX_LANGUAGE_STANDARD = "gnu++20";
				CLANG_ENABLE_MODULES = YES;
				CLANG_ENABLE_OBJC_ARC = YES;
				CLANG_ENABLE_OBJC_WEAK = YES;
				CLANG_WARN_BLOCK_CAPTURE_AUTORELEASING = YES;
				CLANG_WARN_BOOL_CONVERSION = YES;
				CLANG_WARN_COMMA = YES;
				CLANG_WARN_CONSTANT_CONVERSION = YES;
				CLANG_WARN_DEPRECATED_OBJC_IMPLEMENTATIONS = YES;
				CLANG_WARN_DIRECT_OBJC_ISA_USAGE = YES_ERROR;
				CLANG_WARN_DOCUMENTATION_COMMENTS = YES;
				CLANG_WARN_EMPTY_BODY = YES;
				CLANG_WARN_ENUM_CONVERSION = YES;
				CLANG_WARN_INFINITE_RECURSION = YES;
				CLANG_WARN_INT_CONVERSION = YES;
				CLANG_WARN_NON_LITERAL_NULL_CONVERSION = YES;
				CLANG_WARN_OBJC_IMPLICIT_RETAIN_SELF = YES;
				CLANG_WARN_OBJC_LITERAL_CONVERSION = YES;
				CLANG_WARN_OBJC_ROOT_CLASS = YES_ERROR;
				CLANG_WARN_QUOTED_INCLUDE_IN_FRAMEWORK_HEADER = YES;
				CLANG_WARN_RANGE_LOOP_ANALYSIS = YES;
				CLANG_WARN_STRICT_PROTOTYPES = YES;
				CLANG_WARN_SUSPICIOUS_MOVE = YES;
				CLANG_WARN_UNGUARDED_AVAILABILITY = YES_AGGRESSIVE;
				CLANG_WARN_UNREACHABLE_CODE = YES;
				CLANG_WARN__DUPLICATE_METHOD_MATCH = YES;
				COPY_PHASE_STRIP = NO;
				DEBUG_INFORMATION_FORMAT = dwarf;
				ENABLE_STRICT_OBJC_MSGSEND = YES;
				ENABLE_TESTABILITY = YES;
				ENABLE_USER_SCRIPT_SANDBOXING = YES;
				GCC_C_LANGUAGE_STANDARD = gnu17;
				GCC_DYNAMIC_NO_PIC = NO;
				GCC_NO_COMMON_BLOCKS = YES;
				GCC_OPTIMIZATION_LEVEL = 0;
				GCC_PREPROCESSOR_DEFINITIONS = (
					"DEBUG=1",
					"$(inherited)",
				);
				GCC_WARN_64_TO_32_BIT_CONVERSION = YES;
				GCC_WARN_ABOUT_RETURN_TYPE = YES_ERROR;
				GCC_WARN_UNDECLARED_SELECTOR = YES;
				GCC_WARN_UNINITIALIZED_AUTOS = YES_AGGRESSIVE;
				GCC_WARN_UNUSED_FUNCTION = YES;
				GCC_WARN_UNUSED_VARIABLE = YES;
				IPHONEOS_DEPLOYMENT_TARGET = 18.2;
				LOCALIZATION_PREFERS_STRING_CATALOGS = YES;
				MTL_ENABLE_DEBUG_INFO = INCLUDE_SOURCE;
				MTL_FAST_MATH = YES;
				ONLY_ACTIVE_ARCH = YES;
				SDKROOT = iphoneos;
				SWIFT_ACTIVE_COMPILATION_CONDITIONS = "DEBUG $(inherited)";
				SWIFT_OPTIMIZATION_LEVEL = "-Onone";
			};
			name = Debug;
		};
		DBB392972D3976F000250DBD /* Release */ = {
			isa = XCBuildConfiguration;
			buildSettings = {
				ALWAYS_SEARCH_USER_PATHS = NO;
				ASSETCATALOG_COMPILER_GENERATE_SWIFT_ASSET_SYMBOL_EXTENSIONS = YES;
				CLANG_ANALYZER_NONNULL = YES;
				CLANG_ANALYZER_NUMBER_OBJECT_CONVERSION = YES_AGGRESSIVE;
				CLANG_CXX_LANGUAGE_STANDARD = "gnu++20";
				CLANG_ENABLE_MODULES = YES;
				CLANG_ENABLE_OBJC_ARC = YES;
				CLANG_ENABLE_OBJC_WEAK = YES;
				CLANG_WARN_BLOCK_CAPTURE_AUTORELEASING = YES;
				CLANG_WARN_BOOL_CONVERSION = YES;
				CLANG_WARN_COMMA = YES;
				CLANG_WARN_CONSTANT_CONVERSION = YES;
				CLANG_WARN_DEPRECATED_OBJC_IMPLEMENTATIONS = YES;
				CLANG_WARN_DIRECT_OBJC_ISA_USAGE = YES_ERROR;
				CLANG_WARN_DOCUMENTATION_COMMENTS = YES;
				CLANG_WARN_EMPTY_BODY = YES;
				CLANG_WARN_ENUM_CONVERSION = YES;
				CLANG_WARN_INFINITE_RECURSION = YES;
				CLANG_WARN_INT_CONVERSION = YES;
				CLANG_WARN_NON_LITERAL_NULL_CONVERSION = YES;
				CLANG_WARN_OBJC_IMPLICIT_RETAIN_SELF = YES;
				CLANG_WARN_OBJC_LITERAL_CONVERSION = YES;
				CLANG_WARN_OBJC_ROOT_CLASS = YES_ERROR;
				CLANG_WARN_QUOTED_INCLUDE_IN_FRAMEWORK_HEADER = YES;
				CLANG_WARN_RANGE_LOOP_ANALYSIS = YES;
				CLANG_WARN_STRICT_PROTOTYPES = YES;
				CLANG_WARN_SUSPICIOUS_MOVE = YES;
				CLANG_WARN_UNGUARDED_AVAILABILITY = YES_AGGRESSIVE;
				CLANG_WARN_UNREACHABLE_CODE = YES;
				CLANG_WARN__DUPLICATE_METHOD_MATCH = YES;
				COPY_PHASE_STRIP = NO;
				DEBUG_INFORMATION_FORMAT = "dwarf-with-dsym";
				ENABLE_NS_ASSERTIONS = NO;
				ENABLE_STRICT_OBJC_MSGSEND = YES;
				ENABLE_USER_SCRIPT_SANDBOXING = YES;
				GCC_C_LANGUAGE_STANDARD = gnu17;
				GCC_NO_COMMON_BLOCKS = YES;
				GCC_WARN_64_TO_32_BIT_CONVERSION = YES;
				GCC_WARN_ABOUT_RETURN_TYPE = YES_ERROR;
				GCC_WARN_UNDECLARED_SELECTOR = YES;
				GCC_WARN_UNINITIALIZED_AUTOS = YES_AGGRESSIVE;
				GCC_WARN_UNUSED_FUNCTION = YES;
				GCC_WARN_UNUSED_VARIABLE = YES;
				IPHONEOS_DEPLOYMENT_TARGET = 18.2;
				LOCALIZATION_PREFERS_STRING_CATALOGS = YES;
				MTL_ENABLE_DEBUG_INFO = NO;
				MTL_FAST_MATH = YES;
				SDKROOT = iphoneos;
				SWIFT_COMPILATION_MODE = wholemodule;
				VALIDATE_PRODUCT = YES;
			};
			name = Release;
		};
		DBB392992D3976F000250DBD /* Debug */ = {
			isa = XCBuildConfiguration;
			buildSettings = {
				ASSETCATALOG_COMPILER_APPICON_NAME = AppIcon;
				ASSETCATALOG_COMPILER_GLOBAL_ACCENT_COLOR_NAME = AccentColor;
				CODE_SIGN_STYLE = Automatic;
				CURRENT_PROJECT_VERSION = 1;
				DEVELOPMENT_ASSET_PATHS = "\"PlanetAppList/Preview Content\"";
				DEVELOPMENT_TEAM = H2HJGXYYBR;
				ENABLE_PREVIEWS = YES;
				GENERATE_INFOPLIST_FILE = YES;
				INFOPLIST_FILE = PlanetAppList/Info.plist;
				INFOPLIST_KEY_CFBundleDisplayName = Planets;
				INFOPLIST_KEY_UIApplicationSceneManifest_Generation = YES;
				INFOPLIST_KEY_UIApplicationSupportsIndirectInputEvents = YES;
				INFOPLIST_KEY_UILaunchScreen_Generation = YES;
				INFOPLIST_KEY_UISupportedInterfaceOrientations = "UIInterfaceOrientationLandscapeLeft UIInterfaceOrientationLandscapeRight UIInterfaceOrientationPortrait UIInterfaceOrientationPortraitUpsideDown";
				IPHONEOS_DEPLOYMENT_TARGET = 17.6;
				LD_RUNPATH_SEARCH_PATHS = (
					"$(inherited)",
					"@executable_path/Frameworks",
				);
				MARKETING_VERSION = 1.0;
				PRODUCT_BUNDLE_IDENTIFIER = "Rohit-Company.PlanetAppList";
				PRODUCT_NAME = "$(TARGET_NAME)";
				SWIFT_EMIT_LOC_STRINGS = YES;
				SWIFT_VERSION = 5.0;
				TARGETED_DEVICE_FAMILY = "1,2";
			};
			name = Debug;
		};
		DBB3929A2D3976F000250DBD /* Release */ = {
			isa = XCBuildConfiguration;
			buildSettings = {
				ASSETCATALOG_COMPILER_APPICON_NAME = AppIcon;
				ASSETCATALOG_COMPILER_GLOBAL_ACCENT_COLOR_NAME = AccentColor;
				CODE_SIGN_STYLE = Automatic;
				CURRENT_PROJECT_VERSION = 1;
				DEVELOPMENT_ASSET_PATHS = "\"PlanetAppList/Preview Content\"";
				DEVELOPMENT_TEAM = H2HJGXYYBR;
				ENABLE_PREVIEWS = YES;
				GENERATE_INFOPLIST_FILE = YES;
				INFOPLIST_FILE = PlanetAppList/Info.plist;
				INFOPLIST_KEY_CFBundleDisplayName = Planets;
				INFOPLIST_KEY_UIApplicationSceneManifest_Generation = YES;
				INFOPLIST_KEY_UIApplicationSupportsIndirectInputEvents = YES;
				INFOPLIST_KEY_UILaunchScreen_Generation = YES;
				INFOPLIST_KEY_UISupportedInterfaceOrientations = "UIInterfaceOrientationLandscapeLeft UIInterfaceOrientationLandscapeRight UIInterfaceOrientationPortrait UIInterfaceOrientationPortraitUpsideDown";
				IPHONEOS_DEPLOYMENT_TARGET = 17.6;
				LD_RUNPATH_SEARCH_PATHS = (
					"$(inherited)",
					"@executable_path/Frameworks",
				);
				MARKETING_VERSION = 1.0;
				PRODUCT_BUNDLE_IDENTIFIER = "Rohit-Company.PlanetAppList";
				PRODUCT_NAME = "$(TARGET_NAME)";
				SWIFT_EMIT_LOC_STRINGS = YES;
				SWIFT_VERSION = 5.0;
				TARGETED_DEVICE_FAMILY = "1,2";
			};
			name = Release;
		};
		DBB3929C2D3976F000250DBD /* Debug */ = {
			isa = XCBuildConfiguration;
			buildSettings = {
				BUNDLE_LOADER = "$(TEST_HOST)";
				CODE_SIGN_STYLE = Automatic;
				CURRENT_PROJECT_VERSION = 1;
				DEVELOPMENT_TEAM = H2HJGXYYBR;
				GENERATE_INFOPLIST_FILE = YES;
				IPHONEOS_DEPLOYMENT_TARGET = 18.2;
				MARKETING_VERSION = 1.0;
				PRODUCT_BUNDLE_IDENTIFIER = "Rohit-Company.PlanetAppListTests";
				PRODUCT_NAME = "$(TARGET_NAME)";
				SWIFT_EMIT_LOC_STRINGS = NO;
				SWIFT_VERSION = 5.0;
				TARGETED_DEVICE_FAMILY = "1,2";
				TEST_HOST = "$(BUILT_PRODUCTS_DIR)/PlanetAppList.app/$(BUNDLE_EXECUTABLE_FOLDER_PATH)/PlanetAppList";
			};
			name = Debug;
		};
		DBB3929D2D3976F000250DBD /* Release */ = {
			isa = XCBuildConfiguration;
			buildSettings = {
				BUNDLE_LOADER = "$(TEST_HOST)";
				CODE_SIGN_STYLE = Automatic;
				CURRENT_PROJECT_VERSION = 1;
				DEVELOPMENT_TEAM = H2HJGXYYBR;
				GENERATE_INFOPLIST_FILE = YES;
				IPHONEOS_DEPLOYMENT_TARGET = 18.2;
				MARKETING_VERSION = 1.0;
				PRODUCT_BUNDLE_IDENTIFIER = "Rohit-Company.PlanetAppListTests";
				PRODUCT_NAME = "$(TARGET_NAME)";
				SWIFT_EMIT_LOC_STRINGS = NO;
				SWIFT_VERSION = 5.0;
				TARGETED_DEVICE_FAMILY = "1,2";
				TEST_HOST = "$(BUILT_PRODUCTS_DIR)/PlanetAppList.app/$(BUNDLE_EXECUTABLE_FOLDER_PATH)/PlanetAppList";
			};
			name = Release;
		};
		DBB3929F2D3976F000250DBD /* Debug */ = {
			isa = XCBuildConfiguration;
			buildSettings = {
				CODE_SIGN_STYLE = Automatic;
				CURRENT_PROJECT_VERSION = 1;
				DEVELOPMENT_TEAM = H2HJGXYYBR;
				GENERATE_INFOPLIST_FILE = YES;
				MARKETING_VERSION = 1.0;
				PRODUCT_BUNDLE_IDENTIFIER = "Rohit-Company.PlanetAppListUITests";
				PRODUCT_NAME = "$(TARGET_NAME)";
				SWIFT_EMIT_LOC_STRINGS = NO;
				SWIFT_VERSION = 5.0;
				TARGETED_DEVICE_FAMILY = "1,2";
				TEST_TARGET_NAME = PlanetAppList;
			};
			name = Debug;
		};
		DBB392A02D3976F000250DBD /* Release */ = {
			isa = XCBuildConfiguration;
			buildSettings = {
				CODE_SIGN_STYLE = Automatic;
				CURRENT_PROJECT_VERSION = 1;
				DEVELOPMENT_TEAM = H2HJGXYYBR;
				GENERATE_INFOPLIST_FILE = YES;
				MARKETING_VERSION = 1.0;
				PRODUCT_BUNDLE_IDENTIFIER = "Rohit-Company.PlanetAppListUITests";
				PRODUCT_NAME = "$(TARGET_NAME)";
				SWIFT_EMIT_LOC_STRINGS = NO;
				SWIFT_VERSION = 5.0;
				TARGETED_DEVICE_FAMILY = "1,2";
				TEST_TARGET_NAME = PlanetAppList;
			};
			name = Release;
		};
/* End XCBuildConfiguration section */

/* Begin XCConfigurationList section */
		DBB3926D2D3976EF00250DBD /* Build configuration list for PBXProject "PlanetAppList" */ = {
			isa = XCConfigurationList;
			buildConfigurations = (
				DBB392962D3976F000250DBD /* Debug */,
				DBB392972D3976F000250DBD /* Release */,
			);
			defaultConfigurationIsVisible = 0;
			defaultConfigurationName = Release;
		};
		DBB392982D3976F000250DBD /* Build configuration list for PBXNativeTarget "PlanetAppList" */ = {
			isa = XCConfigurationList;
			buildConfigurations = (
				DBB392992D3976F000250DBD /* Debug */,
				DBB3929A2D3976F000250DBD /* Release */,
			);
			defaultConfigurationIsVisible = 0;
			defaultConfigurationName = Release;
		};
		DBB3929B2D3976F000250DBD /* Build configuration list for PBXNativeTarget "PlanetAppListTests" */ = {
			isa = XCConfigurationList;
			buildConfigurations = (
				DBB3929C2D3976F000250DBD /* Debug */,
				DBB3929D2D3976F000250DBD /* Release */,
			);
			defaultConfigurationIsVisible = 0;
			defaultConfigurationName = Release;
		};
		DBB3929E2D3976F000250DBD /* Build configuration list for PBXNativeTarget "PlanetAppListUITests" */ = {
			isa = XCConfigurationList;
			buildConfigurations = (
				DBB3929F2D3976F000250DBD /* Debug */,
				DBB392A02D3976F000250DBD /* Release */,
			);
			defaultConfigurationIsVisible = 0;
			defaultConfigurationName = Release;
		};
/* End XCConfigurationList section */
	};
	rootObject = DBB3926A2D3976EF00250DBD /* Project object */;
}
